
Microsoft Visual Studio Solution File, Format Version 12.00
# Visual Studio 15
Project("{FAE04EC0-301F-11D3-BF4B-00C04F79EFBC}") = "Assembly-CSharp-firstpass", "Assembly-CSharp-firstpass.csproj", "{324E853A-6CD9-4DF9-10E2-C2C5C1BD01FC}"
EndProject
Project("{FAE04EC0-301F-11D3-BF4B-00C04F79EFBC}") = "Assembly-CSharp", "Assembly-CSharp.csproj", "{757E3DD0-138C-2645-7125-E587A76C6197}"
EndProject
Project("{FAE04EC0-301F-11D3-BF4B-00C04F79EFBC}") = "Assembly-CSharp-Editor-firstpass", "Assembly-CSharp-Editor-firstpass.csproj", "{63845EAD-2A7A-4B51-FABB-A18178D04814}"
EndProject
Project("{FAE04EC0-301F-11D3-BF4B-00C04F79EFBC}") = "Assembly-CSharp-Editor", "Assembly-CSharp-Editor.csproj", "{9948A4E3-B200-C4F1-6053-CC38F67CA325}"
EndProject
Global
	GlobalSection(SolutionConfigurationPlatforms) = preSolution
		Debug|Any CPU = Debug|Any CPU
		Release|Any CPU = Release|Any CPU
	EndGlobalSection
	GlobalSection(ProjectConfigurationPlatforms) = postSolution
		{324E853A-6CD9-4DF9-10E2-C2C5C1BD01FC}.Debug|Any CPU.ActiveCfg = Debug|Any CPU
		{324E853A-6CD9-4DF9-10E2-C2C5C1BD01FC}.Debug|Any CPU.Build.0 = Debug|Any CPU
		{324E853A-6CD9-4DF9-10E2-C2C5C1BD01FC}.Release|Any CPU.ActiveCfg = Release|Any CPU
		{324E853A-6CD9-4DF9-10E2-C2C5C1BD01FC}.Release|Any CPU.Build.0 = Release|Any CPU
		{757E3DD0-138C-2645-7125-E587A76C6197}.Debug|Any CPU.ActiveCfg = Debug|Any CPU
		{757E3DD0-138C-2645-7125-E587A76C6197}.Debug|Any CPU.Build.0 = Debug|Any CPU
		{757E3DD0-138C-2645-7125-E587A76C6197}.Release|Any CPU.ActiveCfg = Release|Any CPU
		{757E3DD0-138C-2645-7125-E587A76C6197}.Release|Any CPU.Build.0 = Release|Any CPU
		{63845EAD-2A7A-4B51-FABB-A18178D04814}.Debug|Any CPU.ActiveCfg = Debug|Any CPU
		{63845EAD-2A7A-4B51-FABB-A18178D04814}.Debug|Any CPU.Build.0 = Debug|Any CPU
		{63845EAD-2A7A-4B51-FABB-A18178D04814}.Release|Any CPU.ActiveCfg = Release|Any CPU
		{63845EAD-2A7A-4B51-FABB-A18178D04814}.Release|Any CPU.Build.0 = Release|Any CPU
		{9948A4E3-B200-C4F1-6053-CC38F67CA325}.Debug|Any CPU.ActiveCfg = Debug|Any CPU
		{9948A4E3-B200-C4F1-6053-CC38F67CA325}.Debug|Any CPU.Build.0 = Debug|Any CPU
		{9948A4E3-B200-C4F1-6053-CC38F67CA325}.Release|Any CPU.ActiveCfg = Release|Any CPU
		{9948A4E3-B200-C4F1-6053-CC38F67CA325}.Release|Any CPU.Build.0 = Release|Any CPU
	EndGlobalSection
	GlobalSection(SolutionProperties) = preSolution
		HideSolutionNode = FALSE
	EndGlobalSection
EndGlobal
